
Microsoft Visual Studio Solution File, Format Version 12.00
# Visual Studio Version 17
VisualStudioVersion = 17.4.33403.182
MinimumVisualStudioVersion = 10.0.40219.1
Project("{FAE04EC0-301F-11D3-BF4B-00C04F79EFBC}") = "ex48", "ex48\ex48.csproj", "{651BD276-72E5-4F6C-80E4-DDC43436C228}"
EndProject
Global
	GlobalSection(SolutionConfigurationPlatforms) = preSolution
		Debug|Any CPU = Debug|Any CPU
		Release|Any CPU = Release|Any CPU
	EndGlobalSection
	GlobalSection(ProjectConfigurationPlatforms) = postSolution
		{651BD276-72E5-4F6C-80E4-DDC43436C228}.Debug|Any CPU.ActiveCfg = Debug|Any CPU
		{651BD276-72E5-4F6C-80E4-DDC43436C228}.Debug|Any CPU.Build.0 = Debug|Any CPU
		{651BD276-72E5-4F6C-80E4-DDC43436C228}.Release|Any CPU.ActiveCfg = Release|Any CPU
		{651BD276-72E5-4F6C-80E4-DDC43436C228}.Release|Any CPU.Build.0 = Release|Any CPU
	EndGlobalSection
	GlobalSection(SolutionProperties) = preSolution
		HideSolutionNode = FALSE
	EndGlobalSection
	GlobalSection(ExtensibilityGlobals) = postSolution
		SolutionGuid = {116D8387-A0A3-4CD0-93EE-A26728862F0B}
	EndGlobalSection
EndGlobal
